// !$*UTF8*$!
{
	archiveVersion = 1;
	classes = {
	};
	objectVersion = 77;
	objects = {

/* Begin PBXContainerItemProxy section */
		EB2892E72DC0BE5B006FC925 /* PBXContainerItemProxy */ = {
			isa = PBXContainerItemProxy;
			containerPortal = EB2892CE2DC0BE59006FC925 /* Project object */;
			proxyType = 1;
			remoteGlobalIDString = EB2892D52DC0BE59006FC925;
			remoteInfo = EaseLinked;
		};
		EB2892F12DC0BE5B006FC925 /* PBXContainerItemProxy */ = {
			isa = PBXContainerItemProxy;
			containerPortal = EB2892CE2DC0BE59006FC925 /* Project object */;
			proxyType = 1;
			remoteGlobalIDString = EB2892D52DC0BE59006FC925;
			remoteInfo = EaseLinked;
		};
/* End PBXContainerItemProxy section */

/* Begin PBXFileReference section */
		EB2892D62DC0BE59006FC925 /* EaseLinked.app */ = {isa = PBXFileReference; explicitFileType = wrapper.application; includeInIndex = 0; path = EaseLinked.app; sourceTree = BUILT_PRODUCTS_DIR; };
		EB2892E62DC0BE5B006FC925 /* EaseLinkedTests.xctest */ = {isa = PBXFileReference; explicitFileType = wrapper.cfbundle; includeInIndex = 0; path = EaseLinkedTests.xctest; sourceTree = BUILT_PRODUCTS_DIR; };
		EB2892F02DC0BE5B006FC925 /* EaseLinkedUITests.xctest */ = {isa = PBXFileReference; explicitFileType = wrapper.cfbundle; includeInIndex = 0; path = EaseLinkedUITests.xctest; sourceTree = BUILT_PRODUCTS_DIR; };
/* End PBXFileReference section */

/* Begin PBXFileSystemSynchronizedRootGroup section */
		EB2892D82DC0BE59006FC925 /* EaseLinked */ = {
			isa = PBXFileSystemSynchronizedRootGroup;
			path = EaseLinked;
			sourceTree = "<group>";
		};
		EB2892E92DC0BE5B006FC925 /* EaseLinkedTests */ = {
			isa = PBXFileSystemSynchronizedRootGroup;
			path = EaseLinkedTests;
			sourceTree = "<group>";
		};
		EB2892F32DC0BE5B006FC925 /* EaseLinkedUITests */ = {
			isa = PBXFileSystemSynchronizedRootGroup;
			path = EaseLinkedUITests;
			sourceTree = "<group>";
		};
/* End PBXFileSystemSynchronizedRootGroup section */

/* Begin PBXFrameworksBuildPhase section */
		EB2892D32DC0BE59006FC925 /* Frameworks */ = {
			isa = PBXFrameworksBuildPhase;
			buildActionMask = 2147483647;
			files = (
			);
			runOnlyForDeploymentPostprocessing = 0;
		};
		EB2892E32DC0BE5B006FC925 /* Frameworks */ = {
			isa = PBXFrameworksBuildPhase;
			buildActionMask = 2147483647;
			files = (
			);
			runOnlyForDeploymentPostprocessing = 0;
		};
		EB2892ED2DC0BE5B006FC925 /* Frameworks */ = {
			isa = PBXFrameworksBuildPhase;
			buildActionMask = 2147483647;
			files = (
			);
			runOnlyForDeploymentPostprocessing = 0;
		};
/* End PBXFrameworksBuildPhase section */

/* Begin PBXGroup section */
		EB2892CD2DC0BE59006FC925 = {
			isa = PBXGroup;
			children = (
				EB2892D82DC0BE59006FC925 /* EaseLinked */,
				EB2892E92DC0BE5B006FC925 /* EaseLinkedTests */,
				EB2892F32DC0BE5B006FC925 /* EaseLinkedUITests */,
				EB2892D72DC0BE59006FC925 /* Products */,
			);
			sourceTree = "<group>";
		};
		EB2892D72DC0BE59006FC925 /* Products */ = {
			isa = PBXGroup;
			children = (
				EB2892D62DC0BE59006FC925 /* EaseLinked.app */,
				EB2892E62DC0BE5B006FC925 /* EaseLinkedTests.xctest */,
				EB2892F02DC0BE5B006FC925 /* EaseLinkedUITests.xctest */,
			);
			name = Products;
			sourceTree = "<group>";
		};
/* End PBXGroup section */

/* Begin PBXNativeTarget section */
		EB2892D52DC0BE59006FC925 /* EaseLinked */ = {
			isa = PBXNativeTarget;
			buildConfigurationList = EB2892FA2DC0BE5B006FC925 /* Build configuration list for PBXNativeTarget "EaseLinked" */;
			buildPhases = (
				EB2892D22DC0BE59006FC925 /* Sources */,
				EB2892D32DC0BE59006FC925 /* Frameworks */,
				EB2892D42DC0BE59006FC925 /* Resources */,
			);
			buildRules = (
			);
			dependencies = (
			);
			fileSystemSynchronizedGroups = (
				EB2892D82DC0BE59006FC925 /* EaseLinked */,
			);
			name = EaseLinked;
			packageProductDependencies = (
			);
			productName = EaseLinked;
			productReference = EB2892D62DC0BE59006FC925 /* EaseLinked.app */;
			productType = "com.apple.product-type.application";
		};
		EB2892E52DC0BE5B006FC925 /* EaseLinkedTests */ = {
			isa = PBXNativeTarget;
			buildConfigurationList = EB2892FD2DC0BE5B006FC925 /* Build configuration list for PBXNativeTarget "EaseLinkedTests" */;
			buildPhases = (
				EB2892E22DC0BE5B006FC925 /* Sources */,
				EB2892E32DC0BE5B006FC925 /* Frameworks */,
				EB2892E42DC0BE5B006FC925 /* Resources */,
			);
			buildRules = (
			);
			dependencies = (
				EB2892E82DC0BE5B006FC925 /* PBXTargetDependency */,
			);
			fileSystemSynchronizedGroups = (
				EB2892E92DC0BE5B006FC925 /* EaseLinkedTests */,
			);
			name = EaseLinkedTests;
			packageProductDependencies = (
			);
			productName = EaseLinkedTests;
			productReference = EB2892E62DC0BE5B006FC925 /* EaseLinkedTests.xctest */;
			productType = "com.apple.product-type.bundle.unit-test";
		};
		EB2892EF2DC0BE5B006FC925 /* EaseLinkedUITests */ = {
			isa = PBXNativeTarget;
			buildConfigurationList = EB2893002DC0BE5B006FC925 /* Build configuration list for PBXNativeTarget "EaseLinkedUITests" */;
			buildPhases = (
				EB2892EC2DC0BE5B006FC925 /* Sources */,
				EB2892ED2DC0BE5B006FC925 /* Frameworks */,
				EB2892EE2DC0BE5B006FC925 /* Resources */,
			);
			buildRules = (
			);
			dependencies = (
				EB2892F22DC0BE5B006FC925 /* PBXTargetDependency */,
			);
			fileSystemSynchronizedGroups = (
				EB2892F32DC0BE5B006FC925 /* EaseLinkedUITests */,
			);
			name = EaseLinkedUITests;
			packageProductDependencies = (
			);
			productName = EaseLinkedUITests;
			productReference = EB2892F02DC0BE5B006FC925 /* EaseLinkedUITests.xctest */;
			productType = "com.apple.product-type.bundle.ui-testing";
		};
/* End PBXNativeTarget section */

/* Begin PBXProject section */
		EB2892CE2DC0BE59006FC925 /* Project object */ = {
			isa = PBXProject;
			attributes = {
				BuildIndependentTargetsInParallel = 1;
				LastSwiftUpdateCheck = 1620;
				LastUpgradeCheck = 1620;
				TargetAttributes = {
					EB2892D52DC0BE59006FC925 = {
						CreatedOnToolsVersion = 16.2;
					};
					EB2892E52DC0BE5B006FC925 = {
						CreatedOnToolsVersion = 16.2;
						TestTargetID = EB2892D52DC0BE59006FC925;
					};
					EB2892EF2DC0BE5B006FC925 = {
						CreatedOnToolsVersion = 16.2;
						TestTargetID = EB2892D52DC0BE59006FC925;
					};
				};
			};
			buildConfigurationList = EB2892D12DC0BE59006FC925 /* Build configuration list for PBXProject "EaseLinked" */;
			developmentRegion = en;
			hasScannedForEncodings = 0;
			knownRegions = (
				en,
				Base,
			);
			mainGroup = EB2892CD2DC0BE59006FC925;
			minimizedProjectReferenceProxies = 1;
			preferredProjectObjectVersion = 77;
			productRefGroup = EB2892D72DC0BE59006FC925 /* Products */;
			projectDirPath = "";
			projectRoot = "";
			targets = (
				EB2892D52DC0BE59006FC925 /* EaseLinked */,
				EB2892E52DC0BE5B006FC925 /* EaseLinkedTests */,
				EB2892EF2DC0BE5B006FC925 /* EaseLinkedUITests */,
			);
		};
/* End PBXProject section */

/* Begin PBXResourcesBuildPhase section */
		EB2892D42DC0BE59006FC925 /* Resources */ = {
			isa = PBXResourcesBuildPhase;
			buildActionMask = 2147483647;
			files = (
			);
			runOnlyForDeploymentPostprocessing = 0;
		};
		EB2892E42DC0BE5B006FC925 /* Resources */ = {
			isa = PBXResourcesBuildPhase;
			buildActionMask = 2147483647;
			files = (
			);
			runOnlyForDeploymentPostprocessing = 0;
		};
		EB2892EE2DC0BE5B006FC925 /* Resources */ = {
			isa = PBXResourcesBuildPhase;
			buildActionMask = 2147483647;
			files = (
			);
			runOnlyForDeploymentPostprocessing = 0;
		};
/* End PBXResourcesBuildPhase section */

/* Begin PBXSourcesBuildPhase section */
		EB2892D22DC0BE59006FC925 /* Sources */ = {
			isa = PBXSourcesBuildPhase;
			buildActionMask = 2147483647;
			files = (
			);
			runOnlyForDeploymentPostprocessing = 0;
		};
		EB2892E22DC0BE5B006FC925 /* Sources */ = {
			isa = PBXSourcesBuildPhase;
			buildActionMask = 2147483647;
			files = (
			);
			runOnlyForDeploymentPostprocessing = 0;
		};
		EB2892EC2DC0BE5B006FC925 /* Sources */ = {
			isa = PBXSourcesBuildPhase;
			buildActionMask = 2147483647;
			files = (
			);
			runOnlyForDeploymentPostprocessing = 0;
		};
/* End PBXSourcesBuildPhase section */

/* Begin PBXTargetDependency section */
		EB2892E82DC0BE5B006FC925 /* PBXTargetDependency */ = {
			isa = PBXTargetDependency;
			target = EB2892D52DC0BE59006FC925 /* EaseLinked */;
			targetProxy = EB2892E72DC0BE5B006FC925 /* PBXContainerItemProxy */;
		};
		EB2892F22DC0BE5B006FC925 /* PBXTargetDependency */ = {
			isa = PBXTargetDependency;
			target = EB2892D52DC0BE59006FC925 /* EaseLinked */;
			targetProxy = EB2892F12DC0BE5B006FC925 /* PBXContainerItemProxy */;
		};
/* End PBXTargetDependency section */

/* Begin XCBuildConfiguration section */
		EB2892F82DC0BE5B006FC925 /* Debug */ = {
			isa = XCBuildConfiguration;
			buildSettings = {
				ALWAYS_SEARCH_USER_PATHS = NO;
				ASSETCATALOG_COMPILER_GENERATE_SWIFT_ASSET_SYMBOL_EXTENSIONS = YES;
				CLANG_ANALYZER_NONNULL = YES;
				CLANG_ANALYZER_NUMBER_OBJECT_CONVERSION = YES_AGGRESSIVE;
				CLANG_CXX_LANGUAGE_STANDARD = "gnu++20";
				CLANG_ENABLE_MODULES = YES;
				CLANG_ENABLE_OBJC_ARC = YES;
				CLANG_ENABLE_OBJC_WEAK = YES;
				CLANG_WARN_BLOCK_CAPTURE_AUTORELEASING = YES;
				CLANG_WARN_BOOL_CONVERSION = YES;
				CLANG_WARN_COMMA = YES;
				CLANG_WARN_CONSTANT_CONVERSION = YES;
				CLANG_WARN_DEPRECATED_OBJC_IMPLEMENTATIONS = YES;
				CLANG_WARN_DIRECT_OBJC_ISA_USAGE = YES_ERROR;
				CLANG_WARN_DOCUMENTATION_COMMENTS = YES;
				CLANG_WARN_EMPTY_BODY = YES;
				CLANG_WARN_ENUM_CONVERSION = YES;
				CLANG_WARN_INFINITE_RECURSION = YES;
				CLANG_WARN_INT_CONVERSION = YES;
				CLANG_WARN_NON_LITERAL_NULL_CONVERSION = YES;
				CLANG_WARN_OBJC_IMPLICIT_RETAIN_SELF = YES;
				CLANG_WARN_OBJC_LITERAL_CONVERSION = YES;
				CLANG_WARN_OBJC_ROOT_CLASS = YES_ERROR;
				CLANG_WARN_QUOTED_INCLUDE_IN_FRAMEWORK_HEADER = YES;
				CLANG_WARN_RANGE_LOOP_ANALYSIS = YES;
				CLANG_WARN_STRICT_PROTOTYPES = YES;
				CLANG_WARN_SUSPICIOUS_MOVE = YES;
				CLANG_WARN_UNGUARDED_AVAILABILITY = YES_AGGRESSIVE;
				CLANG_WARN_UNREACHABLE_CODE = YES;
				CLANG_WARN__DUPLICATE_METHOD_MATCH = YES;
				COPY_PHASE_STRIP = NO;
				DEBUG_INFORMATION_FORMAT = dwarf;
				ENABLE_STRICT_OBJC_MSGSEND = YES;
				ENABLE_TESTABILITY = YES;
				ENABLE_USER_SCRIPT_SANDBOXING = YES;
				GCC_C_LANGUAGE_STANDARD = gnu17;
				GCC_DYNAMIC_NO_PIC = NO;
				GCC_NO_COMMON_BLOCKS = YES;
				GCC_OPTIMIZATION_LEVEL = 0;
				GCC_PREPROCESSOR_DEFINITIONS = (
					"DEBUG=1",
					"$(inherited)",
				);
				GCC_WARN_64_TO_32_BIT_CONVERSION = YES;
				GCC_WARN_ABOUT_RETURN_TYPE = YES_ERROR;
				GCC_WARN_UNDECLARED_SELECTOR = YES;
				GCC_WARN_UNINITIALIZED_AUTOS = YES_AGGRESSIVE;
				GCC_WARN_UNUSED_FUNCTION = YES;
				GCC_WARN_UNUSED_VARIABLE = YES;
				IPHONEOS_DEPLOYMENT_TARGET = 18.2;
				LOCALIZATION_PREFERS_STRING_CATALOGS = YES;
				MTL_ENABLE_DEBUG_INFO = INCLUDE_SOURCE;
				MTL_FAST_MATH = YES;
				ONLY_ACTIVE_ARCH = YES;
				SDKROOT = iphoneos;
				SWIFT_ACTIVE_COMPILATION_CONDITIONS = "DEBUG $(inherited)";
				SWIFT_OPTIMIZATION_LEVEL = "-Onone";
			};
			name = Debug;
		};
		EB2892F92DC0BE5B006FC925 /* Release */ = {
			isa = XCBuildConfiguration;
			buildSettings = {
				ALWAYS_SEARCH_USER_PATHS = NO;
				ASSETCATALOG_COMPILER_GENERATE_SWIFT_ASSET_SYMBOL_EXTENSIONS = YES;
				CLANG_ANALYZER_NONNULL = YES;
				CLANG_ANALYZER_NUMBER_OBJECT_CONVERSION = YES_AGGRESSIVE;
				CLANG_CXX_LANGUAGE_STANDARD = "gnu++20";
				CLANG_ENABLE_MODULES = YES;
				CLANG_ENABLE_OBJC_ARC = YES;
				CLANG_ENABLE_OBJC_WEAK = YES;
				CLANG_WARN_BLOCK_CAPTURE_AUTORELEASING = YES;
				CLANG_WARN_BOOL_CONVERSION = YES;
				CLANG_WARN_COMMA = YES;
				CLANG_WARN_CONSTANT_CONVERSION = YES;
				CLANG_WARN_DEPRECATED_OBJC_IMPLEMENTATIONS = YES;
				CLANG_WARN_DIRECT_OBJC_ISA_USAGE = YES_ERROR;
				CLANG_WARN_DOCUMENTATION_COMMENTS = YES;
				CLANG_WARN_EMPTY_BODY = YES;
				CLANG_WARN_ENUM_CONVERSION = YES;
				CLANG_WARN_INFINITE_RECURSION = YES;
				CLANG_WARN_INT_CONVERSION = YES;
				CLANG_WARN_NON_LITERAL_NULL_CONVERSION = YES;
				CLANG_WARN_OBJC_IMPLICIT_RETAIN_SELF = YES;
				CLANG_WARN_OBJC_LITERAL_CONVERSION = YES;
				CLANG_WARN_OBJC_ROOT_CLASS = YES_ERROR;
				CLANG_WARN_QUOTED_INCLUDE_IN_FRAMEWORK_HEADER = YES;
				CLANG_WARN_RANGE_LOOP_ANALYSIS = YES;
				CLANG_WARN_STRICT_PROTOTYPES = YES;
				CLANG_WARN_SUSPICIOUS_MOVE = YES;
				CLANG_WARN_UNGUARDED_AVAILABILITY = YES_AGGRESSIVE;
				CLANG_WARN_UNREACHABLE_CODE = YES;
				CLANG_WARN__DUPLICATE_METHOD_MATCH = YES;
				COPY_PHASE_STRIP = NO;
				DEBUG_INFORMATION_FORMAT = "dwarf-with-dsym";
				ENABLE_NS_ASSERTIONS = NO;
				ENABLE_STRICT_OBJC_MSGSEND = YES;
				ENABLE_USER_SCRIPT_SANDBOXING = YES;
				GCC_C_LANGUAGE_STANDARD = gnu17;
				GCC_NO_COMMON_BLOCKS = YES;
				GCC_WARN_64_TO_32_BIT_CONVERSION = YES;
				GCC_WARN_ABOUT_RETURN_TYPE = YES_ERROR;
				GCC_WARN_UNDECLARED_SELECTOR = YES;
				GCC_WARN_UNINITIALIZED_AUTOS = YES_AGGRESSIVE;
				GCC_WARN_UNUSED_FUNCTION = YES;
				GCC_WARN_UNUSED_VARIABLE = YES;
				IPHONEOS_DEPLOYMENT_TARGET = 18.2;
				LOCALIZATION_PREFERS_STRING_CATALOGS = YES;
				MTL_ENABLE_DEBUG_INFO = NO;
				MTL_FAST_MATH = YES;
				SDKROOT = iphoneos;
				SWIFT_COMPILATION_MODE = wholemodule;
				VALIDATE_PRODUCT = YES;
			};
			name = Release;
		};
		EB2892FB2DC0BE5B006FC925 /* Debug */ = {
			isa = XCBuildConfiguration;
			buildSettings = {
				ASSETCATALOG_COMPILER_APPICON_NAME = AppIcon;
				ASSETCATALOG_COMPILER_GLOBAL_ACCENT_COLOR_NAME = AccentColor;
				CODE_SIGN_STYLE = Automatic;
				CURRENT_PROJECT_VERSION = 1;
				DEVELOPMENT_ASSET_PATHS = "\"EaseLinked/Preview Content\"";
				ENABLE_PREVIEWS = YES;
				GENERATE_INFOPLIST_FILE = YES;
				INFOPLIST_KEY_UIApplicationSceneManifest_Generation = YES;
				INFOPLIST_KEY_UIApplicationSupportsIndirectInputEvents = YES;
				INFOPLIST_KEY_UILaunchScreen_Generation = YES;
				INFOPLIST_KEY_UISupportedInterfaceOrientations_iPad = "UIInterfaceOrientationPortrait UIInterfaceOrientationPortraitUpsideDown UIInterfaceOrientationLandscapeLeft UIInterfaceOrientationLandscapeRight";
				INFOPLIST_KEY_UISupportedInterfaceOrientations_iPhone = "UIInterfaceOrientationPortrait UIInterfaceOrientationLandscapeLeft UIInterfaceOrientationLandscapeRight";
				LD_RUNPATH_SEARCH_PATHS = (
					"$(inherited)",
					"@executable_path/Frameworks",
				);
				MARKETING_VERSION = 1.0;
				PRODUCT_BUNDLE_IDENTIFIER = com.azalia.EaseLinked;
				PRODUCT_NAME = "$(TARGET_NAME)";
				SWIFT_EMIT_LOC_STRINGS = YES;
				SWIFT_VERSION = 5.0;
				TARGETED_DEVICE_FAMILY = "1,2";
			};
			name = Debug;
		};
		EB2892FC2DC0BE5B006FC925 /* Release */ = {
			isa = XCBuildConfiguration;
			buildSettings = {
				ASSETCATALOG_COMPILER_APPICON_NAME = AppIcon;
				ASSETCATALOG_COMPILER_GLOBAL_ACCENT_COLOR_NAME = AccentColor;
				CODE_SIGN_STYLE = Automatic;
				CURRENT_PROJECT_VERSION = 1;
				DEVELOPMENT_ASSET_PATHS = "\"EaseLinked/Preview Content\"";
				ENABLE_PREVIEWS = YES;
				GENERATE_INFOPLIST_FILE = YES;
				INFOPLIST_KEY_UIApplicationSceneManifest_Generation = YES;
				INFOPLIST_KEY_UIApplicationSupportsIndirectInputEvents = YES;
				INFOPLIST_KEY_UILaunchScreen_Generation = YES;
				INFOPLIST_KEY_UISupportedInterfaceOrientations_iPad = "UIInterfaceOrientationPortrait UIInterfaceOrientationPortraitUpsideDown UIInterfaceOrientationLandscapeLeft UIInterfaceOrientationLandscapeRight";
				INFOPLIST_KEY_UISupportedInterfaceOrientations_iPhone = "UIInterfaceOrientationPortrait UIInterfaceOrientationLandscapeLeft UIInterfaceOrientationLandscapeRight";
				LD_RUNPATH_SEARCH_PATHS = (
					"$(inherited)",
					"@executable_path/Frameworks",
				);
				MARKETING_VERSION = 1.0;
				PRODUCT_BUNDLE_IDENTIFIER = com.azalia.EaseLinked;
				PRODUCT_NAME = "$(TARGET_NAME)";
				SWIFT_EMIT_LOC_STRINGS = YES;
				SWIFT_VERSION = 5.0;
				TARGETED_DEVICE_FAMILY = "1,2";
			};
			name = Release;
		};
		EB2892FE2DC0BE5B006FC925 /* Debug */ = {
			isa = XCBuildConfiguration;
			buildSettings = {
				BUNDLE_LOADER = "$(TEST_HOST)";
				CODE_SIGN_STYLE = Automatic;
				CURRENT_PROJECT_VERSION = 1;
				GENERATE_INFOPLIST_FILE = YES;
				IPHONEOS_DEPLOYMENT_TARGET = 18.2;
				MARKETING_VERSION = 1.0;
				PRODUCT_BUNDLE_IDENTIFIER = com.azalia.EaseLinkedTests;
				PRODUCT_NAME = "$(TARGET_NAME)";
				SWIFT_EMIT_LOC_STRINGS = NO;
				SWIFT_VERSION = 5.0;
				TARGETED_DEVICE_FAMILY = "1,2";
				TEST_HOST = "$(BUILT_PRODUCTS_DIR)/EaseLinked.app/$(BUNDLE_EXECUTABLE_FOLDER_PATH)/EaseLinked";
			};
			name = Debug;
		};
		EB2892FF2DC0BE5B006FC925 /* Release */ = {
			isa = XCBuildConfiguration;
			buildSettings = {
				BUNDLE_LOADER = "$(TEST_HOST)";
				CODE_SIGN_STYLE = Automatic;
				CURRENT_PROJECT_VERSION = 1;
				GENERATE_INFOPLIST_FILE = YES;
				IPHONEOS_DEPLOYMENT_TARGET = 18.2;
				MARKETING_VERSION = 1.0;
				PRODUCT_BUNDLE_IDENTIFIER = com.azalia.EaseLinkedTests;
				PRODUCT_NAME = "$(TARGET_NAME)";
				SWIFT_EMIT_LOC_STRINGS = NO;
				SWIFT_VERSION = 5.0;
				TARGETED_DEVICE_FAMILY = "1,2";
				TEST_HOST = "$(BUILT_PRODUCTS_DIR)/EaseLinked.app/$(BUNDLE_EXECUTABLE_FOLDER_PATH)/EaseLinked";
			};
			name = Release;
		};
		EB2893012DC0BE5B006FC925 /* Debug */ = {
			isa = XCBuildConfiguration;
			buildSettings = {
				CODE_SIGN_STYLE = Automatic;
				CURRENT_PROJECT_VERSION = 1;
				GENERATE_INFOPLIST_FILE = YES;
				MARKETING_VERSION = 1.0;
				PRODUCT_BUNDLE_IDENTIFIER = com.azalia.EaseLinkedUITests;
				PRODUCT_NAME = "$(TARGET_NAME)";
				SWIFT_EMIT_LOC_STRINGS = NO;
				SWIFT_VERSION = 5.0;
				TARGETED_DEVICE_FAMILY = "1,2";
				TEST_TARGET_NAME = EaseLinked;
			};
			name = Debug;
		};
		EB2893022DC0BE5B006FC925 /* Release */ = {
			isa = XCBuildConfiguration;
			buildSettings = {
				CODE_SIGN_STYLE = Automatic;
				CURRENT_PROJECT_VERSION = 1;
				GENERATE_INFOPLIST_FILE = YES;
				MARKETING_VERSION = 1.0;
				PRODUCT_BUNDLE_IDENTIFIER = com.azalia.EaseLinkedUITests;
				PRODUCT_NAME = "$(TARGET_NAME)";
				SWIFT_EMIT_LOC_STRINGS = NO;
				SWIFT_VERSION = 5.0;
				TARGETED_DEVICE_FAMILY = "1,2";
				TEST_TARGET_NAME = EaseLinked;
			};
			name = Release;
		};
/* End XCBuildConfiguration section */

/* Begin XCConfigurationList section */
		EB2892D12DC0BE59006FC925 /* Build configuration list for PBXProject "EaseLinked" */ = {
			isa = XCConfigurationList;
			buildConfigurations = (
				EB2892F82DC0BE5B006FC925 /* Debug */,
				EB2892F92DC0BE5B006FC925 /* Release */,
			);
			defaultConfigurationIsVisible = 0;
			defaultConfigurationName = Release;
		};
		EB2892FA2DC0BE5B006FC925 /* Build configuration list for PBXNativeTarget "EaseLinked" */ = {
			isa = XCConfigurationList;
			buildConfigurations = (
				EB2892FB2DC0BE5B006FC925 /* Debug */,
				EB2892FC2DC0BE5B006FC925 /* Release */,
			);
			defaultConfigurationIsVisible = 0;
			defaultConfigurationName = Release;
		};
		EB2892FD2DC0BE5B006FC925 /* Build configuration list for PBXNativeTarget "EaseLinkedTests" */ = {
			isa = XCConfigurationList;
			buildConfigurations = (
				EB2892FE2DC0BE5B006FC925 /* Debug */,
				EB2892FF2DC0BE5B006FC925 /* Release */,
			);
			defaultConfigurationIsVisible = 0;
			defaultConfigurationName = Release;
		};
		EB2893002DC0BE5B006FC925 /* Build configuration list for PBXNativeTarget "EaseLinkedUITests" */ = {
			isa = XCConfigurationList;
			buildConfigurations = (
				EB2893012DC0BE5B006FC925 /* Debug */,
				EB2893022DC0BE5B006FC925 /* Release */,
			);
			defaultConfigurationIsVisible = 0;
			defaultConfigurationName = Release;
		};
/* End XCConfigurationList section */
	};
	rootObject = EB2892CE2DC0BE59006FC925 /* Project object */;
}
